
Microsoft Visual Studio Solution File, Format Version 12.00
# Visual Studio Version 17
VisualStudioVersion = 17.5.33516.290
MinimumVisualStudioVersion = 10.0.40219.1
Project("{FAE04EC0-301F-11D3-BF4B-00C04F79EFBC}") = "wp09_caliburnApp", "wp09_caliburnApp\wp09_caliburnApp.csproj", "{5862EE90-0FE7-4D40-B833-BB9D1A27B4D9}"
EndProject
Global
	GlobalSection(SolutionConfigurationPlatforms) = preSolution
		Debug|Any CPU = Debug|Any CPU
		Release|Any CPU = Release|Any CPU
	EndGlobalSection
	GlobalSection(ProjectConfigurationPlatforms) = postSolution
		{5862EE90-0FE7-4D40-B833-BB9D1A27B4D9}.Debug|Any CPU.ActiveCfg = Debug|Any CPU
		{5862EE90-0FE7-4D40-B833-BB9D1A27B4D9}.Debug|Any CPU.Build.0 = Debug|Any CPU
		{5862EE90-0FE7-4D40-B833-BB9D1A27B4D9}.Release|Any CPU.ActiveCfg = Release|Any CPU
		{5862EE90-0FE7-4D40-B833-BB9D1A27B4D9}.Release|Any CPU.Build.0 = Release|Any CPU
	EndGlobalSection
	GlobalSection(SolutionProperties) = preSolution
		HideSolutionNode = FALSE
	EndGlobalSection
	GlobalSection(ExtensibilityGlobals) = postSolution
		SolutionGuid = {81737155-FC1E-4EFD-86CD-0966F0E30D40}
	EndGlobalSection
EndGlobal
