
Microsoft Visual Studio Solution File, Format Version 12.00
# Visual Studio Version 17
VisualStudioVersion = 17.5.33516.290
MinimumVisualStudioVersion = 10.0.40219.1
Project("{FAE04EC0-301F-11D3-BF4B-00C04F79EFBC}") = "FestivalInfo", "FestivalInfo\FestivalInfo.csproj", "{A161C2B2-571B-4BDC-8612-2EBEEC9FC347}"
EndProject
Global
	GlobalSection(SolutionConfigurationPlatforms) = preSolution
		Debug|Any CPU = Debug|Any CPU
		Release|Any CPU = Release|Any CPU
	EndGlobalSection
	GlobalSection(ProjectConfigurationPlatforms) = postSolution
		{A161C2B2-571B-4BDC-8612-2EBEEC9FC347}.Debug|Any CPU.ActiveCfg = Debug|Any CPU
		{A161C2B2-571B-4BDC-8612-2EBEEC9FC347}.Debug|Any CPU.Build.0 = Debug|Any CPU
		{A161C2B2-571B-4BDC-8612-2EBEEC9FC347}.Release|Any CPU.ActiveCfg = Release|Any CPU
		{A161C2B2-571B-4BDC-8612-2EBEEC9FC347}.Release|Any CPU.Build.0 = Release|Any CPU
	EndGlobalSection
	GlobalSection(SolutionProperties) = preSolution
		HideSolutionNode = FALSE
	EndGlobalSection
	GlobalSection(ExtensibilityGlobals) = postSolution
		SolutionGuid = {3FBC2410-001E-4558-965F-FE4C6C7CC0FD}
	EndGlobalSection
EndGlobal
