
Microsoft Visual Studio Solution File, Format Version 12.00
# Visual Studio Version 17
VisualStudioVersion = 17.5.33516.290
MinimumVisualStudioVersion = 10.0.40219.1
Project("{FAE04EC0-301F-11D3-BF4B-00C04F79EFBC}") = "wp03_controlsApp", "wp03_controlsApp\wp03_controlsApp.csproj", "{2A69364C-AA79-4055-BF2B-97D23F83CA0E}"
EndProject
Project("{FAE04EC0-301F-11D3-BF4B-00C04F79EFBC}") = "wp04_layout", "wp04_layout\wp04_layout.csproj", "{69A73C77-A037-446B-87E1-0C335E860440}"
EndProject
Project("{FAE04EC0-301F-11D3-BF4B-00C04F79EFBC}") = "wp05_bikeShop", "wp05_bikeShop\wp05_bikeShop.csproj", "{A001CED8-CC0B-4E28-A2A9-0EBDD7C37651}"
EndProject
Global
	GlobalSection(SolutionConfigurationPlatforms) = preSolution
		Debug|Any CPU = Debug|Any CPU
		Release|Any CPU = Release|Any CPU
	EndGlobalSection
	GlobalSection(ProjectConfigurationPlatforms) = postSolution
		{2A69364C-AA79-4055-BF2B-97D23F83CA0E}.Debug|Any CPU.ActiveCfg = Debug|Any CPU
		{2A69364C-AA79-4055-BF2B-97D23F83CA0E}.Debug|Any CPU.Build.0 = Debug|Any CPU
		{2A69364C-AA79-4055-BF2B-97D23F83CA0E}.Release|Any CPU.ActiveCfg = Release|Any CPU
		{2A69364C-AA79-4055-BF2B-97D23F83CA0E}.Release|Any CPU.Build.0 = Release|Any CPU
		{69A73C77-A037-446B-87E1-0C335E860440}.Debug|Any CPU.ActiveCfg = Debug|Any CPU
		{69A73C77-A037-446B-87E1-0C335E860440}.Debug|Any CPU.Build.0 = Debug|Any CPU
		{69A73C77-A037-446B-87E1-0C335E860440}.Release|Any CPU.ActiveCfg = Release|Any CPU
		{69A73C77-A037-446B-87E1-0C335E860440}.Release|Any CPU.Build.0 = Release|Any CPU
		{A001CED8-CC0B-4E28-A2A9-0EBDD7C37651}.Debug|Any CPU.ActiveCfg = Debug|Any CPU
		{A001CED8-CC0B-4E28-A2A9-0EBDD7C37651}.Debug|Any CPU.Build.0 = Debug|Any CPU
		{A001CED8-CC0B-4E28-A2A9-0EBDD7C37651}.Release|Any CPU.ActiveCfg = Release|Any CPU
		{A001CED8-CC0B-4E28-A2A9-0EBDD7C37651}.Release|Any CPU.Build.0 = Release|Any CPU
	EndGlobalSection
	GlobalSection(SolutionProperties) = preSolution
		HideSolutionNode = FALSE
	EndGlobalSection
	GlobalSection(ExtensibilityGlobals) = postSolution
		SolutionGuid = {505A4D02-2335-431C-BCD2-D8F1E316A1EB}
	EndGlobalSection
EndGlobal
